
Microsoft Visual Studio Solution File, Format Version 12.00
# Visual Studio Version 16
VisualStudioVersion = 16.0.30114.105
MinimumVisualStudioVersion = 10.0.40219.1
Project("{2150E333-8FDC-42A3-9474-1A3956D46DE8}") = "src", "src", "{7161D4CB-5510-4BB7-9A15-4CE9B9E5AE3C}"
EndProject
Project("{9A19103F-16F7-4668-BE54-9A1E7A4F7556}") = "Banking.Core", "src\Banking.Core\Banking.Core.csproj", "{F0FE259C-D83B-43DA-847D-381EDA203E12}"
EndProject
Project("{2150E333-8FDC-42A3-9474-1A3956D46DE8}") = "tests", "tests", "{49F27C83-1BC5-47AD-A44B-0619469F67C0}"
EndProject
Project("{9A19103F-16F7-4668-BE54-9A1E7A4F7556}") = "Banking.Tests", "tests\Banking.Tests\Banking.Tests.csproj", "{3F7E953C-9DBF-4529-8616-19AF02514B4A}"
EndProject
Project("{9A19103F-16F7-4668-BE54-9A1E7A4F7556}") = "Banking.ConsoleUI", "src\Banking.ConsoleUI\Banking.ConsoleUI.csproj", "{6543B52D-EC2A-40CC-97EF-CD27068F423F}"
EndProject
Project("{FAE04EC0-301F-11D3-BF4B-00C04F79EFBC}") = "Banking.Shared", "src\Banking.Shared\Banking.Shared.csproj", "{D6367FBF-DEFB-4484-BE91-B562FF717606}"
EndProject
Global
	GlobalSection(SolutionConfigurationPlatforms) = preSolution
		Debug|Any CPU = Debug|Any CPU
		Debug|x64 = Debug|x64
		Debug|x86 = Debug|x86
		Release|Any CPU = Release|Any CPU
		Release|x64 = Release|x64
		Release|x86 = Release|x86
	EndGlobalSection
	GlobalSection(ProjectConfigurationPlatforms) = postSolution
		{F0FE259C-D83B-43DA-847D-381EDA203E12}.Debug|Any CPU.ActiveCfg = Debug|Any CPU
		{F0FE259C-D83B-43DA-847D-381EDA203E12}.Debug|Any CPU.Build.0 = Debug|Any CPU
		{F0FE259C-D83B-43DA-847D-381EDA203E12}.Debug|x64.ActiveCfg = Debug|Any CPU
		{F0FE259C-D83B-43DA-847D-381EDA203E12}.Debug|x64.Build.0 = Debug|Any CPU
		{F0FE259C-D83B-43DA-847D-381EDA203E12}.Debug|x86.ActiveCfg = Debug|Any CPU
		{F0FE259C-D83B-43DA-847D-381EDA203E12}.Debug|x86.Build.0 = Debug|Any CPU
		{F0FE259C-D83B-43DA-847D-381EDA203E12}.Release|Any CPU.ActiveCfg = Release|Any CPU
		{F0FE259C-D83B-43DA-847D-381EDA203E12}.Release|Any CPU.Build.0 = Release|Any CPU
		{F0FE259C-D83B-43DA-847D-381EDA203E12}.Release|x64.ActiveCfg = Release|Any CPU
		{F0FE259C-D83B-43DA-847D-381EDA203E12}.Release|x64.Build.0 = Release|Any CPU
		{F0FE259C-D83B-43DA-847D-381EDA203E12}.Release|x86.ActiveCfg = Release|Any CPU
		{F0FE259C-D83B-43DA-847D-381EDA203E12}.Release|x86.Build.0 = Release|Any CPU
		{3F7E953C-9DBF-4529-8616-19AF02514B4A}.Debug|Any CPU.ActiveCfg = Debug|Any CPU
		{3F7E953C-9DBF-4529-8616-19AF02514B4A}.Debug|Any CPU.Build.0 = Debug|Any CPU
		{3F7E953C-9DBF-4529-8616-19AF02514B4A}.Debug|x64.ActiveCfg = Debug|Any CPU
		{3F7E953C-9DBF-4529-8616-19AF02514B4A}.Debug|x64.Build.0 = Debug|Any CPU
		{3F7E953C-9DBF-4529-8616-19AF02514B4A}.Debug|x86.ActiveCfg = Debug|Any CPU
		{3F7E953C-9DBF-4529-8616-19AF02514B4A}.Debug|x86.Build.0 = Debug|Any CPU
		{3F7E953C-9DBF-4529-8616-19AF02514B4A}.Release|Any CPU.ActiveCfg = Release|Any CPU
		{3F7E953C-9DBF-4529-8616-19AF02514B4A}.Release|Any CPU.Build.0 = Release|Any CPU
		{3F7E953C-9DBF-4529-8616-19AF02514B4A}.Release|x64.ActiveCfg = Release|Any CPU
		{3F7E953C-9DBF-4529-8616-19AF02514B4A}.Release|x64.Build.0 = Release|Any CPU
		{3F7E953C-9DBF-4529-8616-19AF02514B4A}.Release|x86.ActiveCfg = Release|Any CPU
		{3F7E953C-9DBF-4529-8616-19AF02514B4A}.Release|x86.Build.0 = Release|Any CPU
		{6543B52D-EC2A-40CC-97EF-CD27068F423F}.Debug|Any CPU.ActiveCfg = Debug|Any CPU
		{6543B52D-EC2A-40CC-97EF-CD27068F423F}.Debug|Any CPU.Build.0 = Debug|Any CPU
		{6543B52D-EC2A-40CC-97EF-CD27068F423F}.Debug|x64.ActiveCfg = Debug|Any CPU
		{6543B52D-EC2A-40CC-97EF-CD27068F423F}.Debug|x64.Build.0 = Debug|Any CPU
		{6543B52D-EC2A-40CC-97EF-CD27068F423F}.Debug|x86.ActiveCfg = Debug|Any CPU
		{6543B52D-EC2A-40CC-97EF-CD27068F423F}.Debug|x86.Build.0 = Debug|Any CPU
		{6543B52D-EC2A-40CC-97EF-CD27068F423F}.Release|Any CPU.ActiveCfg = Release|Any CPU
		{6543B52D-EC2A-40CC-97EF-CD27068F423F}.Release|Any CPU.Build.0 = Release|Any CPU
		{6543B52D-EC2A-40CC-97EF-CD27068F423F}.Release|x64.ActiveCfg = Release|Any CPU
		{6543B52D-EC2A-40CC-97EF-CD27068F423F}.Release|x64.Build.0 = Release|Any CPU
		{6543B52D-EC2A-40CC-97EF-CD27068F423F}.Release|x86.ActiveCfg = Release|Any CPU
		{6543B52D-EC2A-40CC-97EF-CD27068F423F}.Release|x86.Build.0 = Release|Any CPU
		{D6367FBF-DEFB-4484-BE91-B562FF717606}.Debug|Any CPU.ActiveCfg = Debug|Any CPU
		{D6367FBF-DEFB-4484-BE91-B562FF717606}.Debug|Any CPU.Build.0 = Debug|Any CPU
		{D6367FBF-DEFB-4484-BE91-B562FF717606}.Debug|x64.ActiveCfg = Debug|Any CPU
		{D6367FBF-DEFB-4484-BE91-B562FF717606}.Debug|x64.Build.0 = Debug|Any CPU
		{D6367FBF-DEFB-4484-BE91-B562FF717606}.Debug|x86.ActiveCfg = Debug|Any CPU
		{D6367FBF-DEFB-4484-BE91-B562FF717606}.Debug|x86.Build.0 = Debug|Any CPU
		{D6367FBF-DEFB-4484-BE91-B562FF717606}.Release|Any CPU.ActiveCfg = Release|Any CPU
		{D6367FBF-DEFB-4484-BE91-B562FF717606}.Release|Any CPU.Build.0 = Release|Any CPU
		{D6367FBF-DEFB-4484-BE91-B562FF717606}.Release|x64.ActiveCfg = Release|Any CPU
		{D6367FBF-DEFB-4484-BE91-B562FF717606}.Release|x64.Build.0 = Release|Any CPU
		{D6367FBF-DEFB-4484-BE91-B562FF717606}.Release|x86.ActiveCfg = Release|Any CPU
		{D6367FBF-DEFB-4484-BE91-B562FF717606}.Release|x86.Build.0 = Release|Any CPU
	EndGlobalSection
	GlobalSection(SolutionProperties) = preSolution
		HideSolutionNode = FALSE
	EndGlobalSection
	GlobalSection(NestedProjects) = preSolution
		{F0FE259C-D83B-43DA-847D-381EDA203E12} = {7161D4CB-5510-4BB7-9A15-4CE9B9E5AE3C}
		{3F7E953C-9DBF-4529-8616-19AF02514B4A} = {49F27C83-1BC5-47AD-A44B-0619469F67C0}
		{6543B52D-EC2A-40CC-97EF-CD27068F423F} = {7161D4CB-5510-4BB7-9A15-4CE9B9E5AE3C}
		{D6367FBF-DEFB-4484-BE91-B562FF717606} = {7161D4CB-5510-4BB7-9A15-4CE9B9E5AE3C}
	EndGlobalSection
	GlobalSection(ExtensibilityGlobals) = postSolution
		SolutionGuid = {D6425D4E-1250-41D8-82FF-3D7A471FF0C2}
	EndGlobalSection
EndGlobal
